Microsoft Visual Studio Solution File, Format Version 11.00
# Visual Studio 2008

Project("{9EEB52BA-DB61-3229-8848-38847294B90D}") = "ADD", "Assembly-CSharp-firstpass-vs.csproj", "{707BDA78-B920-D167-1DA4-ECB06BAEB216}"
EndProject
Project("{9EEB52BA-DB61-3229-8848-38847294B90D}") = "ADD", "Assembly-CSharp-vs.csproj", "{E57A2195-BDB6-D408-8E56-B5FB44332889}"
EndProject
Project("{9EEB52BA-DB61-3229-8848-38847294B90D}") = "ADD", "Assembly-CSharp-Editor-vs.csproj", "{346D2745-1A9F-3DE3-249C-047B463B50FA}"
EndProject
Global
	GlobalSection(SolutionConfigurationPlatforms) = preSolution
		Debug|Any CPU = Debug|Any CPU
		Release|Any CPU = Release|Any CPU
	EndGlobalSection
	GlobalSection(ProjectConfigurationPlatforms) = postSolution
		{707BDA78-B920-D167-1DA4-ECB06BAEB216}.Debug|Any CPU.ActiveCfg = Debug|Any CPU
		{707BDA78-B920-D167-1DA4-ECB06BAEB216}.Debug|Any CPU.Build.0 = Debug|Any CPU
		{707BDA78-B920-D167-1DA4-ECB06BAEB216}.Release|Any CPU.ActiveCfg = Release|Any CPU
		{707BDA78-B920-D167-1DA4-ECB06BAEB216}.Release|Any CPU.Build.0 = Release|Any CPU
		{E57A2195-BDB6-D408-8E56-B5FB44332889}.Debug|Any CPU.ActiveCfg = Debug|Any CPU
		{E57A2195-BDB6-D408-8E56-B5FB44332889}.Debug|Any CPU.Build.0 = Debug|Any CPU
		{E57A2195-BDB6-D408-8E56-B5FB44332889}.Release|Any CPU.ActiveCfg = Release|Any CPU
		{E57A2195-BDB6-D408-8E56-B5FB44332889}.Release|Any CPU.Build.0 = Release|Any CPU
		{346D2745-1A9F-3DE3-249C-047B463B50FA}.Debug|Any CPU.ActiveCfg = Debug|Any CPU
		{346D2745-1A9F-3DE3-249C-047B463B50FA}.Debug|Any CPU.Build.0 = Debug|Any CPU
		{346D2745-1A9F-3DE3-249C-047B463B50FA}.Release|Any CPU.ActiveCfg = Release|Any CPU
		{346D2745-1A9F-3DE3-249C-047B463B50FA}.Release|Any CPU.Build.0 = Release|Any CPU
	EndGlobalSection
	GlobalSection(SolutionProperties) = preSolution
		HideSolutionNode = FALSE
	EndGlobalSection
				GlobalSection(MonoDevelopProperties) = preSolution
		StartupItem = Assembly-CSharp.csproj
		Policies = $0
		$0.TextStylePolicy = $1
		$1.inheritsSet = null
		$1.scope = text/x-csharp
		$0.CSharpFormattingPolicy = $2
		$2.inheritsSet = Mono
		$2.inheritsScope = text/x-csharp
		$2.scope = text/x-csharp
		$0.TextStylePolicy = $3
		$3.FileWidth = 120
		$3.TabWidth = 4
		$3.EolMarker = Unix
		$3.inheritsSet = Mono
		$3.inheritsScope = text/plain
		$3.scope = text/plain
	EndGlobalSection

EndGlobal
